PODS:
  - Flutter (1.0.0)
  - integration_test (0.0.1):
    - Flutter
  - QCloudCore (6.2.5):
    - QCloudCore/Default (= 6.2.5)
  - QCloudCore/Default (6.2.5)
  - QCloudCOSXML (6.2.5):
    - QCloudCOSXML/Default (= 6.2.5)
  - QCloudCOSXML/Default (6.2.5):
    - QCloudCore (= 6.2.5)
  - tencentcloud_cos_sdk_plugin (1.1.0):
    - Flutter
    - QCloudCOSXML (>= 6.1.7)

DEPENDENCIES:
  - Flutter (from `Flutter`)
  - integration_test (from `.symlinks/plugins/integration_test/ios`)
  - tencentcloud_cos_sdk_plugin (from `.symlinks/plugins/tencentcloud_cos_sdk_plugin/ios`)

SPEC REPOS:
  trunk:
    - QCloudCore
    - QCloudCOSXML

EXTERNAL SOURCES:
  Flutter:
    :path: Flutter
  integration_test:
    :path: ".symlinks/plugins/integration_test/ios"
  tencentcloud_cos_sdk_plugin:
    :path: ".symlinks/plugins/tencentcloud_cos_sdk_plugin/ios"

SPEC CHECKSUMS:
  Flutter: f04841e97a9d0b0a8025694d0796dd46242b2854
  integration_test: a1e7d09bd98eca2fc37aefd79d4f41ad37bdbbe5
  QCloudCore: 81d649400ba861fc8e182d135b567d8eefe09e65
  QCloudCOSXML: 4cab311d08a8df863db977d397e67f4dac27a39b
  tencentcloud_cos_sdk_plugin: bfd4f82052a77bbe39272f7c871d1c1b2eac4cb7

PODFILE CHECKSUM: a6f2d38f98f4f59fb0303750c7dd381592cad796

COCOAPODS: 1.12.1
